// !$*UTF8*$!
{
	archiveVersion = 1;
	classes = {
	};
	objectVersion = 56;
	objects = {

/* Begin PBXBuildFile section */
		028097A829E88DD900A28305 /* AppDelegate.swift in Sources */ = {isa = PBXBuildFile; fileRef = 028097A729E88DD900A28305 /* AppDelegate.swift */; };
		028097AA29E88DD900A28305 /* SceneDelegate.swift in Sources */ = {isa = PBXBuildFile; fileRef = 028097A929E88DD900A28305 /* SceneDelegate.swift */; };
		028097AC29E88DD900A28305 /* ViewController.swift in Sources */ = {isa = PBXBuildFile; fileRef = 028097AB29E88DD900A28305 /* ViewController.swift */; };
		028097AF29E88DD900A28305 /* Main.storyboard in Resources */ = {isa = PBXBuildFile; fileRef = 028097AD29E88DD900A28305 /* Main.storyboard */; };
		028097B129E88DDA00A28305 /* Assets.xcassets in Resources */ = {isa = PBXBuildFile; fileRef = 028097B029E88DDA00A28305 /* Assets.xcassets */; };
		028097B429E88DDA00A28305 /* LaunchScreen.storyboard in Resources */ = {isa = PBXBuildFile; fileRef = 028097B229E88DDA00A28305 /* LaunchScreen.storyboard */; };
		028097BC29E895D200A28305 /* Question.swift in Sources */ = {isa = PBXBuildFile; fileRef = 028097BB29E895D200A28305 /* Question.swift */; };
		028097BE29E89A3800A28305 /* QuizBrain.swift in Sources */ = {isa = PBXBuildFile; fileRef = 028097BD29E89A3800A28305 /* QuizBrain.swift */; };
/* End PBXBuildFile section */

/* Begin PBXFileReference section */
		028097A429E88DD900A28305 /* Quiz-MultipleChoice.app */ = {isa = PBXFileReference; explicitFileType = wrapper.application; includeInIndex = 0; path = "Quiz-MultipleChoice.app"; sourceTree = BUILT_PRODUCTS_DIR; };
		028097A729E88DD900A28305 /* AppDelegate.swift */ = {isa = PBXFileReference; lastKnownFileType = sourcecode.swift; path = AppDelegate.swift; sourceTree = "<group>"; };
		028097A929E88DD900A28305 /* SceneDelegate.swift */ = {isa = PBXFileReference; lastKnownFileType = sourcecode.swift; path = SceneDelegate.swift; sourceTree = "<group>"; };
		028097AB29E88DD900A28305 /* ViewController.swift */ = {isa = PBXFileReference; lastKnownFileType = sourcecode.swift; path = ViewController.swift; sourceTree = "<group>"; };
		028097AE29E88DD900A28305 /* Base */ = {isa = PBXFileReference; lastKnownFileType = file.storyboard; name = Base; path = Base.lproj/Main.storyboard; sourceTree = "<group>"; };
		028097B029E88DDA00A28305 /* Assets.xcassets */ = {isa = PBXFileReference; lastKnownFileType = folder.assetcatalog; path = Assets.xcassets; sourceTree = "<group>"; };
		028097B329E88DDA00A28305 /* Base */ = {isa = PBXFileReference; lastKnownFileType = file.storyboard; name = Base; path = Base.lproj/LaunchScreen.storyboard; sourceTree = "<group>"; };
		028097B529E88DDA00A28305 /* Info.plist */ = {isa = PBXFileReference; lastKnownFileType = text.plist.xml; path = Info.plist; sourceTree = "<group>"; };
		028097BB29E895D200A28305 /* Question.swift */ = {isa = PBXFileReference; lastKnownFileType = sourcecode.swift; path = Question.swift; sourceTree = "<group>"; };
		028097BD29E89A3800A28305 /* QuizBrain.swift */ = {isa = PBXFileReference; lastKnownFileType = sourcecode.swift; path = QuizBrain.swift; sourceTree = "<group>"; };
/* End PBXFileReference section */

/* Begin PBXFrameworksBuildPhase section */
		028097A129E88DD900A28305 /* Frameworks */ = {
			isa = PBXFrameworksBuildPhase;
			buildActionMask = 2147483647;
			files = (
			);
			runOnlyForDeploymentPostprocessing = 0;
		};
/* End PBXFrameworksBuildPhase section */

/* Begin PBXGroup section */
		0280979B29E88DD900A28305 = {
			isa = PBXGroup;
			children = (
				028097A629E88DD900A28305 /* Quiz-MultipleChoice */,
				028097A529E88DD900A28305 /* Products */,
			);
			sourceTree = "<group>";
		};
		028097A529E88DD900A28305 /* Products */ = {
			isa = PBXGroup;
			children = (
				028097A429E88DD900A28305 /* Quiz-MultipleChoice.app */,
			);
			name = Products;
			sourceTree = "<group>";
		};
		028097A629E88DD900A28305 /* Quiz-MultipleChoice */ = {
			isa = PBXGroup;
			children = (
				028097A729E88DD900A28305 /* AppDelegate.swift */,
				028097A929E88DD900A28305 /* SceneDelegate.swift */,
				028097C029E8A22F00A28305 /* Model */,
				028097BF29E8A21F00A28305 /* View */,
				028097C129E8A23800A28305 /* Controller */,
				028097B029E88DDA00A28305 /* Assets.xcassets */,
				028097B229E88DDA00A28305 /* LaunchScreen.storyboard */,
				028097B529E88DDA00A28305 /* Info.plist */,
			);
			path = "Quiz-MultipleChoice";
			sourceTree = "<group>";
		};
		028097BF29E8A21F00A28305 /* View */ = {
			isa = PBXGroup;
			children = (
				028097AD29E88DD900A28305 /* Main.storyboard */,
			);
			path = View;
			sourceTree = "<group>";
		};
		028097C029E8A22F00A28305 /* Model */ = {
			isa = PBXGroup;
			children = (
				028097BB29E895D200A28305 /* Question.swift */,
				028097BD29E89A3800A28305 /* QuizBrain.swift */,
			);
			path = Model;
			sourceTree = "<group>";
		};
		028097C129E8A23800A28305 /* Controller */ = {
			isa = PBXGroup;
			children = (
				028097AB29E88DD900A28305 /* ViewController.swift */,
			);
			path = Controller;
			sourceTree = "<group>";
		};
/* End PBXGroup section */

/* Begin PBXNativeTarget section */
		028097A329E88DD900A28305 /* Quiz-MultipleChoice */ = {
			isa = PBXNativeTarget;
			buildConfigurationList = 028097B829E88DDA00A28305 /* Build configuration list for PBXNativeTarget "Quiz-MultipleChoice" */;
			buildPhases = (
				028097A029E88DD900A28305 /* Sources */,
				028097A129E88DD900A28305 /* Frameworks */,
				028097A229E88DD900A28305 /* Resources */,
			);
			buildRules = (
			);
			dependencies = (
			);
			name = "Quiz-MultipleChoice";
			productName = "Quiz-MultipleChoice";
			productReference = 028097A429E88DD900A28305 /* Quiz-MultipleChoice.app */;
			productType = "com.apple.product-type.application";
		};
/* End PBXNativeTarget section */

/* Begin PBXProject section */
		0280979C29E88DD900A28305 /* Project object */ = {
			isa = PBXProject;
			attributes = {
				BuildIndependentTargetsInParallel = 1;
				LastSwiftUpdateCheck = 1420;
				LastUpgradeCheck = 1420;
				TargetAttributes = {
					028097A329E88DD900A28305 = {
						CreatedOnToolsVersion = 14.2;
					};
				};
			};
			buildConfigurationList = 0280979F29E88DD900A28305 /* Build configuration list for PBXProject "Quiz-MultipleChoice" */;
			compatibilityVersion = "Xcode 14.0";
			developmentRegion = en;
			hasScannedForEncodings = 0;
			knownRegions = (
				en,
				Base,
			);
			mainGroup = 0280979B29E88DD900A28305;
			productRefGroup = 028097A529E88DD900A28305 /* Products */;
			projectDirPath = "";
			projectRoot = "";
			targets = (
				028097A329E88DD900A28305 /* Quiz-MultipleChoice */,
			);
		};
/* End PBXProject section */

/* Begin PBXResourcesBuildPhase section */
		028097A229E88DD900A28305 /* Resources */ = {
			isa = PBXResourcesBuildPhase;
			buildActionMask = 2147483647;
			files = (
				028097B429E88DDA00A28305 /* LaunchScreen.storyboard in Resources */,
				028097B129E88DDA00A28305 /* Assets.xcassets in Resources */,
				028097AF29E88DD900A28305 /* Main.storyboard in Resources */,
			);
			runOnlyForDeploymentPostprocessing = 0;
		};
/* End PBXResourcesBuildPhase section */

/* Begin PBXSourcesBuildPhase section */
		028097A029E88DD900A28305 /* Sources */ = {
			isa = PBXSourcesBuildPhase;
			buildActionMask = 2147483647;
			files = (
				028097BE29E89A3800A28305 /* QuizBrain.swift in Sources */,
				028097AC29E88DD900A28305 /* ViewController.swift in Sources */,
				028097BC29E895D200A28305 /* Question.swift in Sources */,
				028097A829E88DD900A28305 /* AppDelegate.swift in Sources */,
				028097AA29E88DD900A28305 /* SceneDelegate.swift in Sources */,
			);
			runOnlyForDeploymentPostprocessing = 0;
		};
/* End PBXSourcesBuildPhase section */

/* Begin PBXVariantGroup section */
		028097AD29E88DD900A28305 /* Main.storyboard */ = {
			isa = PBXVariantGroup;
			children = (
				028097AE29E88DD900A28305 /* Base */,
			);
			name = Main.storyboard;
			sourceTree = "<group>";
		};
		028097B229E88DDA00A28305 /* LaunchScreen.storyboard */ = {
			isa = PBXVariantGroup;
			children = (
				028097B329E88DDA00A28305 /* Base */,
			);
			name = LaunchScreen.storyboard;
			sourceTree = "<group>";
		};
/* End PBXVariantGroup section */

/* Begin XCBuildConfiguration section */
		028097B629E88DDA00A28305 /* Debug */ = {
			isa = XCBuildConfiguration;
			buildSettings = {
				ALWAYS_SEARCH_USER_PATHS = NO;
				CLANG_ANALYZER_NONNULL = YES;
				CLANG_ANALYZER_NUMBER_OBJECT_CONVERSION = YES_AGGRESSIVE;
				CLANG_CXX_LANGUAGE_STANDARD = "gnu++20";
				CLANG_ENABLE_MODULES = YES;
				CLANG_ENABLE_OBJC_ARC = YES;
				CLANG_ENABLE_OBJC_WEAK = YES;
				CLANG_WARN_BLOCK_CAPTURE_AUTORELEASING = YES;
				CLANG_WARN_BOOL_CONVERSION = YES;
				CLANG_WARN_COMMA = YES;
				CLANG_WARN_CONSTANT_CONVERSION = YES;
				CLANG_WARN_DEPRECATED_OBJC_IMPLEMENTATIONS = YES;
				CLANG_WARN_DIRECT_OBJC_ISA_USAGE = YES_ERROR;
				CLANG_WARN_DOCUMENTATION_COMMENTS = YES;
				CLANG_WARN_EMPTY_BODY = YES;
				CLANG_WARN_ENUM_CONVERSION = YES;
				CLANG_WARN_INFINITE_RECURSION = YES;
				CLANG_WARN_INT_CONVERSION = YES;
				CLANG_WARN_NON_LITERAL_NULL_CONVERSION = YES;
				CLANG_WARN_OBJC_IMPLICIT_RETAIN_SELF = YES;
				CLANG_WARN_OBJC_LITERAL_CONVERSION = YES;
				CLANG_WARN_OBJC_ROOT_CLASS = YES_ERROR;
				CLANG_WARN_QUOTED_INCLUDE_IN_FRAMEWORK_HEADER = YES;
				CLANG_WARN_RANGE_LOOP_ANALYSIS = YES;
				CLANG_WARN_STRICT_PROTOTYPES = YES;
				CLANG_WARN_SUSPICIOUS_MOVE = YES;
				CLANG_WARN_UNGUARDED_AVAILABILITY = YES_AGGRESSIVE;
				CLANG_WARN_UNREACHABLE_CODE = YES;
				CLANG_WARN__DUPLICATE_METHOD_MATCH = YES;
				COPY_PHASE_STRIP = NO;
				DEBUG_INFORMATION_FORMAT = dwarf;
				ENABLE_STRICT_OBJC_MSGSEND = YES;
				ENABLE_TESTABILITY = YES;
				GCC_C_LANGUAGE_STANDARD = gnu11;
				GCC_DYNAMIC_NO_PIC = NO;
				GCC_NO_COMMON_BLOCKS = YES;
				GCC_OPTIMIZATION_LEVEL = 0;
				GCC_PREPROCESSOR_DEFINITIONS = (
					"DEBUG=1",
					"$(inherited)",
				);
				GCC_WARN_64_TO_32_BIT_CONVERSION = YES;
				GCC_WARN_ABOUT_RETURN_TYPE = YES_ERROR;
				GCC_WARN_UNDECLARED_SELECTOR = YES;
				GCC_WARN_UNINITIALIZED_AUTOS = YES_AGGRESSIVE;
				GCC_WARN_UNUSED_FUNCTION = YES;
				GCC_WARN_UNUSED_VARIABLE = YES;
				IPHONEOS_DEPLOYMENT_TARGET = 16.2;
				MTL_ENABLE_DEBUG_INFO = INCLUDE_SOURCE;
				MTL_FAST_MATH = YES;
				ONLY_ACTIVE_ARCH = YES;
				SDKROOT = iphoneos;
				SWIFT_ACTIVE_COMPILATION_CONDITIONS = DEBUG;
				SWIFT_OPTIMIZATION_LEVEL = "-Onone";
			};
			name = Debug;
		};
		028097B729E88DDA00A28305 /* Release */ = {
			isa = XCBuildConfiguration;
			buildSettings = {
				ALWAYS_SEARCH_USER_PATHS = NO;
				CLANG_ANALYZER_NONNULL = YES;
				CLANG_ANALYZER_NUMBER_OBJECT_CONVERSION = YES_AGGRESSIVE;
				CLANG_CXX_LANGUAGE_STANDARD = "gnu++20";
				CLANG_ENABLE_MODULES = YES;
				CLANG_ENABLE_OBJC_ARC = YES;
				CLANG_ENABLE_OBJC_WEAK = YES;
				CLANG_WARN_BLOCK_CAPTURE_AUTORELEASING = YES;
				CLANG_WARN_BOOL_CONVERSION = YES;
				CLANG_WARN_COMMA = YES;
				CLANG_WARN_CONSTANT_CONVERSION = YES;
				CLANG_WARN_DEPRECATED_OBJC_IMPLEMENTATIONS = YES;
				CLANG_WARN_DIRECT_OBJC_ISA_USAGE = YES_ERROR;
				CLANG_WARN_DOCUMENTATION_COMMENTS = YES;
				CLANG_WARN_EMPTY_BODY = YES;
				CLANG_WARN_ENUM_CONVERSION = YES;
				CLANG_WARN_INFINITE_RECURSION = YES;
				CLANG_WARN_INT_CONVERSION = YES;
				CLANG_WARN_NON_LITERAL_NULL_CONVERSION = YES;
				CLANG_WARN_OBJC_IMPLICIT_RETAIN_SELF = YES;
				CLANG_WARN_OBJC_LITERAL_CONVERSION = YES;
				CLANG_WARN_OBJC_ROOT_CLASS = YES_ERROR;
				CLANG_WARN_QUOTED_INCLUDE_IN_FRAMEWORK_HEADER = YES;
				CLANG_WARN_RANGE_LOOP_ANALYSIS = YES;
				CLANG_WARN_STRICT_PROTOTYPES = YES;
				CLANG_WARN_SUSPICIOUS_MOVE = YES;
				CLANG_WARN_UNGUARDED_AVAILABILITY = YES_AGGRESSIVE;
				CLANG_WARN_UNREACHABLE_CODE = YES;
				CLANG_WARN__DUPLICATE_METHOD_MATCH = YES;
				COPY_PHASE_STRIP = NO;
				DEBUG_INFORMATION_FORMAT = "dwarf-with-dsym";
				ENABLE_NS_ASSERTIONS = NO;
				ENABLE_STRICT_OBJC_MSGSEND = YES;
				GCC_C_LANGUAGE_STANDARD = gnu11;
				GCC_NO_COMMON_BLOCKS = YES;
				GCC_WARN_64_TO_32_BIT_CONVERSION = YES;
				GCC_WARN_ABOUT_RETURN_TYPE = YES_ERROR;
				GCC_WARN_UNDECLARED_SELECTOR = YES;
				GCC_WARN_UNINITIALIZED_AUTOS = YES_AGGRESSIVE;
				GCC_WARN_UNUSED_FUNCTION = YES;
				GCC_WARN_UNUSED_VARIABLE = YES;
				IPHONEOS_DEPLOYMENT_TARGET = 16.2;
				MTL_ENABLE_DEBUG_INFO = NO;
				MTL_FAST_MATH = YES;
				SDKROOT = iphoneos;
				SWIFT_COMPILATION_MODE = wholemodule;
				SWIFT_OPTIMIZATION_LEVEL = "-O";
				VALIDATE_PRODUCT = YES;
			};
			name = Release;
		};
		028097B929E88DDA00A28305 /* Debug */ = {
			isa = XCBuildConfiguration;
			buildSettings = {
				ASSETCATALOG_COMPILER_APPICON_NAME = AppIcon;
				ASSETCATALOG_COMPILER_GLOBAL_ACCENT_COLOR_NAME = AccentColor;
				CODE_SIGN_STYLE = Automatic;
				CURRENT_PROJECT_VERSION = 1;
				DEVELOPMENT_TEAM = 84LGQM6LPS;
				GENERATE_INFOPLIST_FILE = YES;
				INFOPLIST_FILE = "Quiz-MultipleChoice/Info.plist";
				INFOPLIST_KEY_UIApplicationSupportsIndirectInputEvents = YES;
				INFOPLIST_KEY_UILaunchStoryboardName = LaunchScreen;
				INFOPLIST_KEY_UIMainStoryboardFile = Main;
				INFOPLIST_KEY_UISupportedInterfaceOrientations_iPad = "UIInterfaceOrientationPortrait UIInterfaceOrientationPortraitUpsideDown UIInterfaceOrientationLandscapeLeft UIInterfaceOrientationLandscapeRight";
				INFOPLIST_KEY_UISupportedInterfaceOrientations_iPhone = "UIInterfaceOrientationPortrait UIInterfaceOrientationLandscapeLeft UIInterfaceOrientationLandscapeRight";
				LD_RUNPATH_SEARCH_PATHS = (
					"$(inherited)",
					"@executable_path/Frameworks",
				);
				MARKETING_VERSION = 1.0;
				PRODUCT_BUNDLE_IDENTIFIER = "com.SevvalKalkavan.Quiz-MultipleChoice";
				PRODUCT_NAME = "$(TARGET_NAME)";
				SWIFT_EMIT_LOC_STRINGS = YES;
				SWIFT_VERSION = 5.0;
				TARGETED_DEVICE_FAMILY = "1,2";
			};
			name = Debug;
		};
		028097BA29E88DDA00A28305 /* Release */ = {
			isa = XCBuildConfiguration;
			buildSettings = {
				ASSETCATALOG_COMPILER_APPICON_NAME = AppIcon;
				ASSETCATALOG_COMPILER_GLOBAL_ACCENT_COLOR_NAME = AccentColor;
				CODE_SIGN_STYLE = Automatic;
				CURRENT_PROJECT_VERSION = 1;
				DEVELOPMENT_TEAM = 84LGQM6LPS;
				GENERATE_INFOPLIST_FILE = YES;
				INFOPLIST_FILE = "Quiz-MultipleChoice/Info.plist";
				INFOPLIST_KEY_UIApplicationSupportsIndirectInputEvents = YES;
				INFOPLIST_KEY_UILaunchStoryboardName = LaunchScreen;
				INFOPLIST_KEY_UIMainStoryboardFile = Main;
				INFOPLIST_KEY_UISupportedInterfaceOrientations_iPad = "UIInterfaceOrientationPortrait UIInterfaceOrientationPortraitUpsideDown UIInterfaceOrientationLandscapeLeft UIInterfaceOrientationLandscapeRight";
				INFOPLIST_KEY_UISupportedInterfaceOrientations_iPhone = "UIInterfaceOrientationPortrait UIInterfaceOrientationLandscapeLeft UIInterfaceOrientationLandscapeRight";
				LD_RUNPATH_SEARCH_PATHS = (
					"$(inherited)",
					"@executable_path/Frameworks",
				);
				MARKETING_VERSION = 1.0;
				PRODUCT_BUNDLE_IDENTIFIER = "com.SevvalKalkavan.Quiz-MultipleChoice";
				PRODUCT_NAME = "$(TARGET_NAME)";
				SWIFT_EMIT_LOC_STRINGS = YES;
				SWIFT_VERSION = 5.0;
				TARGETED_DEVICE_FAMILY = "1,2";
			};
			name = Release;
		};
/* End XCBuildConfiguration section */

/* Begin XCConfigurationList section */
		0280979F29E88DD900A28305 /* Build configuration list for PBXProject "Quiz-MultipleChoice" */ = {
			isa = XCConfigurationList;
			buildConfigurations = (
				028097B629E88DDA00A28305 /* Debug */,
				028097B729E88DDA00A28305 /* Release */,
			);
			defaultConfigurationIsVisible = 0;
			defaultConfigurationName = Release;
		};
		028097B829E88DDA00A28305 /* Build configuration list for PBXNativeTarget "Quiz-MultipleChoice" */ = {
			isa = XCConfigurationList;
			buildConfigurations = (
				028097B929E88DDA00A28305 /* Debug */,
				028097BA29E88DDA00A28305 /* Release */,
			);
			defaultConfigurationIsVisible = 0;
			defaultConfigurationName = Release;
		};
/* End XCConfigurationList section */
	};
	rootObject = 0280979C29E88DD900A28305 /* Project object */;
}
